// !$*UTF8*$!
{
	archiveVersion = 1;
	classes = {
	};
	objectVersion = 47;
	objects = {

/* Begin PBXBuildFile section */
		51100F0F1CC15D200095B985 /* BBLAccessibility.h in Headers */ = {isa = PBXBuildFile; fileRef = 51100F0E1CC15D200095B985 /* BBLAccessibility.h */; settings = {ATTRIBUTES = (Public, ); }; };
		51100F231CC15D540095B985 /* AppDelegate.swift in Sources */ = {isa = PBXBuildFile; fileRef = 51100F221CC15D540095B985 /* AppDelegate.swift */; };
		51100F251CC15D540095B985 /* Assets.xcassets in Resources */ = {isa = PBXBuildFile; fileRef = 51100F241CC15D540095B985 /* Assets.xcassets */; };
		51100F281CC15D540095B985 /* MainMenu.xib in Resources */ = {isa = PBXBuildFile; fileRef = 51100F261CC15D540095B985 /* MainMenu.xib */; };
		51100F331CC15D540095B985 /* BBLAccessibilityAppUITests.swift in Sources */ = {isa = PBXBuildFile; fileRef = 51100F321CC15D540095B985 /* BBLAccessibilityAppUITests.swift */; };
		511EECD824909C560029982D /* AppDelegate.swift in Sources */ = {isa = PBXBuildFile; fileRef = 511EECD724909C560029982D /* AppDelegate.swift */; };
		511EECDA24909C560029982D /* ContentView.swift in Sources */ = {isa = PBXBuildFile; fileRef = 511EECD924909C560029982D /* ContentView.swift */; };
		511EECDC24909C590029982D /* Assets.xcassets in Resources */ = {isa = PBXBuildFile; fileRef = 511EECDB24909C590029982D /* Assets.xcassets */; };
		511EECDF24909C590029982D /* Preview Assets.xcassets in Resources */ = {isa = PBXBuildFile; fileRef = 511EECDE24909C590029982D /* Preview Assets.xcassets */; };
		511EECE224909C590029982D /* Main.storyboard in Resources */ = {isa = PBXBuildFile; fileRef = 511EECE024909C590029982D /* Main.storyboard */; };
		511EECE824909C8E0029982D /* BBLAccessibility.framework in Frameworks */ = {isa = PBXBuildFile; fileRef = 51100F0B1CC15D200095B985 /* BBLAccessibility.framework */; };
		511EECE924909C8E0029982D /* BBLAccessibility.framework in Embed Frameworks */ = {isa = PBXBuildFile; fileRef = 51100F0B1CC15D200095B985 /* BBLAccessibility.framework */; settings = {ATTRIBUTES = (CodeSignOnCopy, RemoveHeadersOnCopy, ); }; };
		511EECEF24909C990029982D /* BBLBasics.framework in Frameworks */ = {isa = PBXBuildFile; fileRef = 514DE3AF2490746700A3E184 /* BBLBasics.framework */; };
		511EECF024909C990029982D /* BBLBasics.framework in Embed Frameworks */ = {isa = PBXBuildFile; fileRef = 514DE3AF2490746700A3E184 /* BBLBasics.framework */; settings = {ATTRIBUTES = (CodeSignOnCopy, RemoveHeadersOnCopy, ); }; };
		511EECF2249101680029982D /* CGWindowList.swift in Sources */ = {isa = PBXBuildFile; fileRef = 511EECF1249101680029982D /* CGWindowList.swift */; };
		511EED12249116B40029982D /* BBLAccessibilityPublisher-ext.swift in Sources */ = {isa = PBXBuildFile; fileRef = 511EED11249116B40029982D /* BBLAccessibilityPublisher-ext.swift */; };
		5123E4C11DDFD62B0099D11E /* Silica-ext.h in Headers */ = {isa = PBXBuildFile; fileRef = 5123E4BF1DDFD62B0099D11E /* Silica-ext.h */; settings = {ATTRIBUTES = (Public, ); }; };
		513A8DC424A19498009FFF81 /* BBLAccessibility.framework in Frameworks */ = {isa = PBXBuildFile; fileRef = 51100F0B1CC15D200095B985 /* BBLAccessibility.framework */; };
		513A8DC524A19498009FFF81 /* BBLAccessibility.framework in Embed Frameworks */ = {isa = PBXBuildFile; fileRef = 51100F0B1CC15D200095B985 /* BBLAccessibility.framework */; settings = {ATTRIBUTES = (CodeSignOnCopy, RemoveHeadersOnCopy, ); }; };
		514A4D7424972F4900E8021A /* Main.storyboard in Resources */ = {isa = PBXBuildFile; fileRef = 514A4D7124972F4900E8021A /* Main.storyboard */; };
		514A4D7924972FC700E8021A /* WindowCoordinator.framework in Frameworks */ = {isa = PBXBuildFile; fileRef = 514DAED024972E23009AD46A /* WindowCoordinator.framework */; };
		514A4D7A24972FC700E8021A /* WindowCoordinator.framework in Embed Frameworks */ = {isa = PBXBuildFile; fileRef = 514DAED024972E23009AD46A /* WindowCoordinator.framework */; settings = {ATTRIBUTES = (CodeSignOnCopy, RemoveHeadersOnCopy, ); }; };
		514A4D7D24972FC700E8021A /* BBLBasics.framework in Frameworks */ = {isa = PBXBuildFile; fileRef = 514DE3AF2490746700A3E184 /* BBLBasics.framework */; };
		514A4D7E24972FC700E8021A /* BBLBasics.framework in Embed Frameworks */ = {isa = PBXBuildFile; fileRef = 514DE3AF2490746700A3E184 /* BBLBasics.framework */; settings = {ATTRIBUTES = (CodeSignOnCopy, RemoveHeadersOnCopy, ); }; };
		514DAEB22493EA23009AD46A /* WindowListMonitor.h in Headers */ = {isa = PBXBuildFile; fileRef = 514DAEB02493EA23009AD46A /* WindowListMonitor.h */; settings = {ATTRIBUTES = (Public, ); }; };
		514DAEB52493EA23009AD46A /* WindowListMonitor.framework in Frameworks */ = {isa = PBXBuildFile; fileRef = 514DAEAE2493EA23009AD46A /* WindowListMonitor.framework */; };
		514DAEB62493EA23009AD46A /* WindowListMonitor.framework in Embed Frameworks */ = {isa = PBXBuildFile; fileRef = 514DAEAE2493EA23009AD46A /* WindowListMonitor.framework */; settings = {ATTRIBUTES = (CodeSignOnCopy, RemoveHeadersOnCopy, ); }; };
		514DAEBC2493EA3B009AD46A /* WindowListMonitor.swift in Sources */ = {isa = PBXBuildFile; fileRef = 514DAEBB2493EA3B009AD46A /* WindowListMonitor.swift */; };
		514DAED424972E23009AD46A /* WindowCoordinator.h in Headers */ = {isa = PBXBuildFile; fileRef = 514DAED224972E23009AD46A /* WindowCoordinator.h */; settings = {ATTRIBUTES = (Public, ); }; };
		514DAEDC24972E33009AD46A /* BBLBasics.framework in Frameworks */ = {isa = PBXBuildFile; fileRef = 514DE3AF2490746700A3E184 /* BBLBasics.framework */; };
		514DAEE224972E60009AD46A /* WindowCoordinator.swift in Sources */ = {isa = PBXBuildFile; fileRef = 514DAEE124972E60009AD46A /* WindowCoordinator.swift */; };
		514DAEEA24972EA9009AD46A /* AppDelegate.swift in Sources */ = {isa = PBXBuildFile; fileRef = 514DAEE924972EA9009AD46A /* AppDelegate.swift */; };
		514DAEEC24972EA9009AD46A /* ContentView.swift in Sources */ = {isa = PBXBuildFile; fileRef = 514DAEEB24972EA9009AD46A /* ContentView.swift */; };
		514DAEEE24972EAB009AD46A /* Assets.xcassets in Resources */ = {isa = PBXBuildFile; fileRef = 514DAEED24972EAB009AD46A /* Assets.xcassets */; };
		514DAEF124972EAB009AD46A /* Preview Assets.xcassets in Resources */ = {isa = PBXBuildFile; fileRef = 514DAEF024972EAB009AD46A /* Preview Assets.xcassets */; };
		514DE3B8249085AF00A3E184 /* Silica.framework in Frameworks */ = {isa = PBXBuildFile; fileRef = 51D53AE21DCA3A9200079955 /* Silica.framework */; };
		514DE3B9249085AF00A3E184 /* Silica.framework in Embed Frameworks */ = {isa = PBXBuildFile; fileRef = 51D53AE21DCA3A9200079955 /* Silica.framework */; settings = {ATTRIBUTES = (CodeSignOnCopy, RemoveHeadersOnCopy, ); }; };
		514DE3BA249085CB00A3E184 /* BBLBasics.framework in Frameworks */ = {isa = PBXBuildFile; fileRef = 514DE3AF2490746700A3E184 /* BBLBasics.framework */; };
		514DE3BB249085CB00A3E184 /* BBLBasics.framework in Embed Frameworks */ = {isa = PBXBuildFile; fileRef = 514DE3AF2490746700A3E184 /* BBLBasics.framework */; settings = {ATTRIBUTES = (CodeSignOnCopy, RemoveHeadersOnCopy, ); }; };
		5178DFB82498A821005EBE59 /* BBLBasics.framework in Frameworks */ = {isa = PBXBuildFile; fileRef = 514DE3AF2490746700A3E184 /* BBLBasics.framework */; };
		5178DFBA2498A871005EBE59 /* Silica.framework in Frameworks */ = {isa = PBXBuildFile; fileRef = 51D53AE21DCA3A9200079955 /* Silica.framework */; };
		5178DFBB2498A871005EBE59 /* Silica.framework in Embed Frameworks */ = {isa = PBXBuildFile; fileRef = 51D53AE21DCA3A9200079955 /* Silica.framework */; settings = {ATTRIBUTES = (CodeSignOnCopy, RemoveHeadersOnCopy, ); }; };
		5178DFBE2498A93D005EBE59 /* BBLAccessibility.framework in Frameworks */ = {isa = PBXBuildFile; fileRef = 51100F0B1CC15D200095B985 /* BBLAccessibility.framework */; };
		5178DFBF2498A93D005EBE59 /* BBLAccessibility.framework in Embed Frameworks */ = {isa = PBXBuildFile; fileRef = 51100F0B1CC15D200095B985 /* BBLAccessibility.framework */; settings = {ATTRIBUTES = (CodeSignOnCopy, RemoveHeadersOnCopy, ); }; };
		5178DFC52498AB3C005EBE59 /* Silica.framework in Frameworks */ = {isa = PBXBuildFile; fileRef = 51D53AE21DCA3A9200079955 /* Silica.framework */; };
		5178DFC62498AB3C005EBE59 /* Silica.framework in Embed Frameworks */ = {isa = PBXBuildFile; fileRef = 51D53AE21DCA3A9200079955 /* Silica.framework */; settings = {ATTRIBUTES = (CodeSignOnCopy, RemoveHeadersOnCopy, ); }; };
		51B8F2241DB5774100E79EEC /* BBLAccessibilityPublisher.h in Headers */ = {isa = PBXBuildFile; fileRef = 51B8F2221DB5774100E79EEC /* BBLAccessibilityPublisher.h */; settings = {ATTRIBUTES = (Public, ); }; };
		51B8F2251DB5774100E79EEC /* BBLAccessibilityPublisher.m in Sources */ = {isa = PBXBuildFile; fileRef = 51B8F2231DB5774100E79EEC /* BBLAccessibilityPublisher.m */; };
		51B8F25D1DB582A200E79EEC /* BBLAccessibility.framework in Frameworks */ = {isa = PBXBuildFile; fileRef = 51100F0B1CC15D200095B985 /* BBLAccessibility.framework */; };
		51B8F25E1DB582A200E79EEC /* BBLAccessibility.framework in Embed Frameworks */ = {isa = PBXBuildFile; fileRef = 51100F0B1CC15D200095B985 /* BBLAccessibility.framework */; settings = {ATTRIBUTES = (CodeSignOnCopy, RemoveHeadersOnCopy, ); }; };
		51D6F89B1DDF73D0003F7E31 /* AccessibilityInfo.h in Headers */ = {isa = PBXBuildFile; fileRef = 51D6F8991DDF73D0003F7E31 /* AccessibilityInfo.h */; settings = {ATTRIBUTES = (Public, ); }; };
		51D6F89C1DDF73D0003F7E31 /* AccessibilityInfo.m in Sources */ = {isa = PBXBuildFile; fileRef = 51D6F89A1DDF73D0003F7E31 /* AccessibilityInfo.m */; };
		51FA4A271F57740E007123B0 /* Silica-ext.m in Sources */ = {isa = PBXBuildFile; fileRef = 5123E4C01DDFD62B0099D11E /* Silica-ext.m */; };
		51FA4A2C1F5774A5007123B0 /* AccessibilityHelper.swift in Sources */ = {isa = PBXBuildFile; fileRef = 51FA4A2B1F5774A5007123B0 /* AccessibilityHelper.swift */; };
		51FA4A2F1F5774B0007123B0 /* AccessibilityInfo-ext.swift in Sources */ = {isa = PBXBuildFile; fileRef = 51FA4A2D1F5774B0007123B0 /* AccessibilityInfo-ext.swift */; };
		51FA4A301F5774B0007123B0 /* Silica-ext.swift in Sources */ = {isa = PBXBuildFile; fileRef = 51FA4A2E1F5774B0007123B0 /* Silica-ext.swift */; };
/* End PBXBuildFile section */

/* Begin PBXContainerItemProxy section */
		51100F2F1CC15D540095B985 /* PBXContainerItemProxy */ = {
			isa = PBXContainerItemProxy;
			containerPortal = 51100F021CC15D200095B985 /* Project object */;
			proxyType = 1;
			remoteGlobalIDString = 51100F1F1CC15D540095B985;
			remoteInfo = BBLAccessibilityApp;
		};
		511EECEA24909C8E0029982D /* PBXContainerItemProxy */ = {
			isa = PBXContainerItemProxy;
			containerPortal = 51100F021CC15D200095B985 /* Project object */;
			proxyType = 1;
			remoteGlobalIDString = 51100F0A1CC15D200095B985;
			remoteInfo = BBLAccessibility;
		};
		514A4D7B24972FC700E8021A /* PBXContainerItemProxy */ = {
			isa = PBXContainerItemProxy;
			containerPortal = 51100F021CC15D200095B985 /* Project object */;
			proxyType = 1;
			remoteGlobalIDString = 514DAECF24972E23009AD46A;
			remoteInfo = WindowCoordinator;
		};
		514DAEB32493EA23009AD46A /* PBXContainerItemProxy */ = {
			isa = PBXContainerItemProxy;
			containerPortal = 51100F021CC15D200095B985 /* Project object */;
			proxyType = 1;
			remoteGlobalIDString = 514DAEAD2493EA23009AD46A;
			remoteInfo = WindowListMonitor;
		};
		514DAEBF2493EA57009AD46A /* PBXContainerItemProxy */ = {
			isa = PBXContainerItemProxy;
			containerPortal = 51100F021CC15D200095B985 /* Project object */;
			proxyType = 1;
			remoteGlobalIDString = 51100F0A1CC15D200095B985;
			remoteInfo = BBLAccessibility;
		};
		514DAEDA24972E33009AD46A /* PBXContainerItemProxy */ = {
			isa = PBXContainerItemProxy;
			containerPortal = 51100F021CC15D200095B985 /* Project object */;
			proxyType = 1;
			remoteGlobalIDString = 51100F0A1CC15D200095B985;
			remoteInfo = BBLAccessibility;
		};
		51B8F25F1DB582A200E79EEC /* PBXContainerItemProxy */ = {
			isa = PBXContainerItemProxy;
			containerPortal = 51100F021CC15D200095B985 /* Project object */;
			proxyType = 1;
			remoteGlobalIDString = 51100F0A1CC15D200095B985;
			remoteInfo = BBLAccessibility;
		};
		51D53AE11DCA3A9200079955 /* PBXContainerItemProxy */ = {
			isa = PBXContainerItemProxy;
			containerPortal = 51D53ADD1DCA3A9200079955 /* Silica.xcodeproj */;
			proxyType = 2;
			remoteGlobalIDString = 942474B517DF67D700BF9B61;
			remoteInfo = Silica;
		};
/* End PBXContainerItemProxy section */

/* Begin PBXCopyFilesBuildPhase section */
		511EECEC24909C8F0029982D /* Embed Frameworks */ = {
			isa = PBXCopyFilesBuildPhase;
			buildActionMask = 2147483647;
			dstPath = "";
			dstSubfolderSpec = 10;
			files = (
				511EECE924909C8E0029982D /* BBLAccessibility.framework in Embed Frameworks */,
				511EECF024909C990029982D /* BBLBasics.framework in Embed Frameworks */,
				514DAEB62493EA23009AD46A /* WindowListMonitor.framework in Embed Frameworks */,
			);
			name = "Embed Frameworks";
			runOnlyForDeploymentPostprocessing = 0;
		};
		513A8DC624A19499009FFF81 /* Embed Frameworks */ = {
			isa = PBXCopyFilesBuildPhase;
			buildActionMask = 2147483647;
			dstPath = "";
			dstSubfolderSpec = 10;
			files = (
				513A8DC524A19498009FFF81 /* BBLAccessibility.framework in Embed Frameworks */,
			);
			name = "Embed Frameworks";
			runOnlyForDeploymentPostprocessing = 0;
		};
		514A4D7F24972FC700E8021A /* Embed Frameworks */ = {
			isa = PBXCopyFilesBuildPhase;
			buildActionMask = 2147483647;
			dstPath = "";
			dstSubfolderSpec = 10;
			files = (
				514A4D7E24972FC700E8021A /* BBLBasics.framework in Embed Frameworks */,
				514A4D7A24972FC700E8021A /* WindowCoordinator.framework in Embed Frameworks */,
			);
			name = "Embed Frameworks";
			runOnlyForDeploymentPostprocessing = 0;
		};
		5178DFB52498A7EA005EBE59 /* Embed Frameworks */ = {
			isa = PBXCopyFilesBuildPhase;
			buildActionMask = 2147483647;
			dstPath = "";
			dstSubfolderSpec = 10;
			files = (
				5178DFBB2498A871005EBE59 /* Silica.framework in Embed Frameworks */,
			);
			name = "Embed Frameworks";
			runOnlyForDeploymentPostprocessing = 0;
		};
		5178DFC02498A93D005EBE59 /* Embed Frameworks */ = {
			isa = PBXCopyFilesBuildPhase;
			buildActionMask = 2147483647;
			dstPath = "";
			dstSubfolderSpec = 10;
			files = (
				5178DFBF2498A93D005EBE59 /* BBLAccessibility.framework in Embed Frameworks */,
				5178DFC62498AB3C005EBE59 /* Silica.framework in Embed Frameworks */,
			);
			name = "Embed Frameworks";
			runOnlyForDeploymentPostprocessing = 0;
		};
		51B8F2611DB582A200E79EEC /* Embed Frameworks */ = {
			isa = PBXCopyFilesBuildPhase;
			buildActionMask = 2147483647;
			dstPath = "";
			dstSubfolderSpec = 10;
			files = (
				51B8F25E1DB582A200E79EEC /* BBLAccessibility.framework in Embed Frameworks */,
				514DE3BB249085CB00A3E184 /* BBLBasics.framework in Embed Frameworks */,
				514DE3B9249085AF00A3E184 /* Silica.framework in Embed Frameworks */,
			);
			name = "Embed Frameworks";
			runOnlyForDeploymentPostprocessing = 0;
		};
/* End PBXCopyFilesBuildPhase section */

/* Begin PBXFileReference section */
		51100F0B1CC15D200095B985 /* BBLAccessibility.framework */ = {isa = PBXFileReference; explicitFileType = wrapper.framework; includeInIndex = 0; path = BBLAccessibility.framework; sourceTree = BUILT_PRODUCTS_DIR; };
		51100F0E1CC15D200095B985 /* BBLAccessibility.h */ = {isa = PBXFileReference; lastKnownFileType = sourcecode.c.h; path = BBLAccessibility.h; sourceTree = "<group>"; };
		51100F101CC15D200095B985 /* Info.plist */ = {isa = PBXFileReference; lastKnownFileType = text.plist.xml; path = Info.plist; sourceTree = "<group>"; };
		51100F201CC15D540095B985 /* BBLAccessibilityApp.app */ = {isa = PBXFileReference; explicitFileType = wrapper.application; includeInIndex = 0; path = BBLAccessibilityApp.app; sourceTree = BUILT_PRODUCTS_DIR; };
		51100F221CC15D540095B985 /* AppDelegate.swift */ = {isa = PBXFileReference; lastKnownFileType = sourcecode.swift; path = AppDelegate.swift; sourceTree = "<group>"; };
		51100F241CC15D540095B985 /* Assets.xcassets */ = {isa = PBXFileReference; lastKnownFileType = folder.assetcatalog; path = Assets.xcassets; sourceTree = "<group>"; };
		51100F271CC15D540095B985 /* Base */ = {isa = PBXFileReference; lastKnownFileType = file.xib; name = Base; path = Base.lproj/MainMenu.xib; sourceTree = "<group>"; };
		51100F291CC15D540095B985 /* Info.plist */ = {isa = PBXFileReference; lastKnownFileType = text.plist.xml; path = Info.plist; sourceTree = "<group>"; };
		51100F2E1CC15D540095B985 /* BBLAccessibilityAppUITests.xctest */ = {isa = PBXFileReference; explicitFileType = wrapper.cfbundle; includeInIndex = 0; path = BBLAccessibilityAppUITests.xctest; sourceTree = BUILT_PRODUCTS_DIR; };
		51100F321CC15D540095B985 /* BBLAccessibilityAppUITests.swift */ = {isa = PBXFileReference; lastKnownFileType = sourcecode.swift; path = BBLAccessibilityAppUITests.swift; sourceTree = "<group>"; };
		51100F341CC15D540095B985 /* Info.plist */ = {isa = PBXFileReference; lastKnownFileType = text.plist.xml; path = Info.plist; sourceTree = "<group>"; };
		51100F3F1CC15DA30095B985 /* BBLAccessibilityApp-Bridging-Header.h */ = {isa = PBXFileReference; lastKnownFileType = sourcecode.c.h; path = "BBLAccessibilityApp-Bridging-Header.h"; sourceTree = "<group>"; };
		511EECD524909C560029982D /* WindowListMonitorDemo.app */ = {isa = PBXFileReference; explicitFileType = wrapper.application; includeInIndex = 0; path = WindowListMonitorDemo.app; sourceTree = BUILT_PRODUCTS_DIR; };
		511EECD724909C560029982D /* AppDelegate.swift */ = {isa = PBXFileReference; lastKnownFileType = sourcecode.swift; path = AppDelegate.swift; sourceTree = "<group>"; };
		511EECD924909C560029982D /* ContentView.swift */ = {isa = PBXFileReference; lastKnownFileType = sourcecode.swift; path = ContentView.swift; sourceTree = "<group>"; };
		511EECDB24909C590029982D /* Assets.xcassets */ = {isa = PBXFileReference; lastKnownFileType = folder.assetcatalog; path = Assets.xcassets; sourceTree = "<group>"; };
		511EECDE24909C590029982D /* Preview Assets.xcassets */ = {isa = PBXFileReference; lastKnownFileType = folder.assetcatalog; path = "Preview Assets.xcassets"; sourceTree = "<group>"; };
		511EECE124909C590029982D /* Base */ = {isa = PBXFileReference; lastKnownFileType = file.storyboard; name = Base; path = Base.lproj/Main.storyboard; sourceTree = "<group>"; };
		511EECE324909C590029982D /* Info.plist */ = {isa = PBXFileReference; lastKnownFileType = text.plist.xml; path = Info.plist; sourceTree = "<group>"; };
		511EECE424909C590029982D /* WindowListMonitorDemo.entitlements */ = {isa = PBXFileReference; lastKnownFileType = text.plist.entitlements; path = WindowListMonitorDemo.entitlements; sourceTree = "<group>"; };
		511EECF1249101680029982D /* CGWindowList.swift */ = {isa = PBXFileReference; lastKnownFileType = sourcecode.swift; path = CGWindowList.swift; sourceTree = "<group>"; };
		511EED11249116B40029982D /* BBLAccessibilityPublisher-ext.swift */ = {isa = PBXFileReference; lastKnownFileType = sourcecode.swift; path = "BBLAccessibilityPublisher-ext.swift"; sourceTree = "<group>"; };
		5123E4BF1DDFD62B0099D11E /* Silica-ext.h */ = {isa = PBXFileReference; fileEncoding = 4; lastKnownFileType = sourcecode.c.h; path = "Silica-ext.h"; sourceTree = "<group>"; };
		5123E4C01DDFD62B0099D11E /* Silica-ext.m */ = {isa = PBXFileReference; fileEncoding = 4; lastKnownFileType = sourcecode.c.objc; path = "Silica-ext.m"; sourceTree = "<group>"; };
		514A4D7224972F4900E8021A /* Base */ = {isa = PBXFileReference; lastKnownFileType = file.storyboard; name = Base; path = Base.lproj/Main.storyboard; sourceTree = "<group>"; };
		514DAEAE2493EA23009AD46A /* WindowListMonitor.framework */ = {isa = PBXFileReference; explicitFileType = wrapper.framework; includeInIndex = 0; path = WindowListMonitor.framework; sourceTree = BUILT_PRODUCTS_DIR; };
		514DAEB02493EA23009AD46A /* WindowListMonitor.h */ = {isa = PBXFileReference; lastKnownFileType = sourcecode.c.h; path = WindowListMonitor.h; sourceTree = "<group>"; };
		514DAEB12493EA23009AD46A /* Info.plist */ = {isa = PBXFileReference; lastKnownFileType = text.plist.xml; path = Info.plist; sourceTree = "<group>"; };
		514DAEBB2493EA3B009AD46A /* WindowListMonitor.swift */ = {isa = PBXFileReference; lastKnownFileType = sourcecode.swift; path = WindowListMonitor.swift; sourceTree = "<group>"; };
		514DAED024972E23009AD46A /* WindowCoordinator.framework */ = {isa = PBXFileReference; explicitFileType = wrapper.framework; includeInIndex = 0; path = WindowCoordinator.framework; sourceTree = BUILT_PRODUCTS_DIR; };
		514DAED224972E23009AD46A /* WindowCoordinator.h */ = {isa = PBXFileReference; lastKnownFileType = sourcecode.c.h; path = WindowCoordinator.h; sourceTree = "<group>"; };
		514DAED324972E23009AD46A /* Info.plist */ = {isa = PBXFileReference; lastKnownFileType = text.plist.xml; path = Info.plist; sourceTree = "<group>"; };
		514DAEE124972E60009AD46A /* WindowCoordinator.swift */ = {isa = PBXFileReference; lastKnownFileType = sourcecode.swift; path = WindowCoordinator.swift; sourceTree = "<group>"; };
		514DAEE724972EA9009AD46A /* WindowCoordinatorDemo.app */ = {isa = PBXFileReference; explicitFileType = wrapper.application; includeInIndex = 0; path = WindowCoordinatorDemo.app; sourceTree = BUILT_PRODUCTS_DIR; };
		514DAEE924972EA9009AD46A /* AppDelegate.swift */ = {isa = PBXFileReference; lastKnownFileType = sourcecode.swift; path = AppDelegate.swift; sourceTree = "<group>"; };
		514DAEEB24972EA9009AD46A /* ContentView.swift */ = {isa = PBXFileReference; lastKnownFileType = sourcecode.swift; path = ContentView.swift; sourceTree = "<group>"; };
		514DAEED24972EAB009AD46A /* Assets.xcassets */ = {isa = PBXFileReference; lastKnownFileType = folder.assetcatalog; path = Assets.xcassets; sourceTree = "<group>"; };
		514DAEF024972EAB009AD46A /* Preview Assets.xcassets */ = {isa = PBXFileReference; lastKnownFileType = folder.assetcatalog; path = "Preview Assets.xcassets"; sourceTree = "<group>"; };
		514DAEF524972EAB009AD46A /* Info.plist */ = {isa = PBXFileReference; lastKnownFileType = text.plist.xml; path = Info.plist; sourceTree = "<group>"; };
		514DAEF624972EAB009AD46A /* WindowCoordinatorDemo.entitlements */ = {isa = PBXFileReference; lastKnownFileType = text.plist.entitlements; path = WindowCoordinatorDemo.entitlements; sourceTree = "<group>"; };
		514DE3AF2490746700A3E184 /* BBLBasics.framework */ = {isa = PBXFileReference; explicitFileType = wrapper.framework; path = BBLBasics.framework; sourceTree = BUILT_PRODUCTS_DIR; };
		5183AAAF20F53038004388C3 /* lab */ = {isa = PBXFileReference; lastKnownFileType = folder; path = lab; sourceTree = "<group>"; };
		51B0D8C71E4BD47900EED498 /* logging.h */ = {isa = PBXFileReference; lastKnownFileType = sourcecode.c.h; path = logging.h; sourceTree = "<group>"; };
		51B8F2221DB5774100E79EEC /* BBLAccessibilityPublisher.h */ = {isa = PBXFileReference; fileEncoding = 4; lastKnownFileType = sourcecode.c.h; path = BBLAccessibilityPublisher.h; sourceTree = "<group>"; };
		51B8F2231DB5774100E79EEC /* BBLAccessibilityPublisher.m */ = {isa = PBXFileReference; fileEncoding = 4; lastKnownFileType = sourcecode.c.objc; path = BBLAccessibilityPublisher.m; sourceTree = "<group>"; };
		51D53ADD1DCA3A9200079955 /* Silica.xcodeproj */ = {isa = PBXFileReference; lastKnownFileType = "wrapper.pb-project"; name = Silica.xcodeproj; path = Silica/Silica.xcodeproj; sourceTree = "<group>"; };
		51D6F8991DDF73D0003F7E31 /* AccessibilityInfo.h */ = {isa = PBXFileReference; fileEncoding = 4; lastKnownFileType = sourcecode.c.h; path = AccessibilityInfo.h; sourceTree = "<group>"; };
		51D6F89A1DDF73D0003F7E31 /* AccessibilityInfo.m */ = {isa = PBXFileReference; fileEncoding = 4; lastKnownFileType = sourcecode.c.objc; path = AccessibilityInfo.m; sourceTree = "<group>"; };
		51DF495A1E4E7F9800D1DCA5 /* BBLBasics.framework */ = {isa = PBXFileReference; lastKnownFileType = wrapper.framework; name = BBLBasics.framework; path = "../../../../../../../Volumes/ramdisk/DerivedData/contexter-diussbvhwfomebclgpkcecfnrgtm/Build/Products/Debug/BBLBasics.framework"; sourceTree = "<group>"; };
		51FA4A2B1F5774A5007123B0 /* AccessibilityHelper.swift */ = {isa = PBXFileReference; fileEncoding = 4; lastKnownFileType = sourcecode.swift; path = AccessibilityHelper.swift; sourceTree = "<group>"; };
		51FA4A2D1F5774B0007123B0 /* AccessibilityInfo-ext.swift */ = {isa = PBXFileReference; fileEncoding = 4; lastKnownFileType = sourcecode.swift; name = "AccessibilityInfo-ext.swift"; path = "BBLAccessibility/AccessibilityInfo-ext.swift"; sourceTree = SOURCE_ROOT; };
		51FA4A2E1F5774B0007123B0 /* Silica-ext.swift */ = {isa = PBXFileReference; fileEncoding = 4; lastKnownFileType = sourcecode.swift; name = "Silica-ext.swift"; path = "BBLAccessibility/Silica-ext.swift"; sourceTree = SOURCE_ROOT; };
/* End PBXFileReference section */

/* Begin PBXFrameworksBuildPhase section */
		51100F071CC15D200095B985 /* Frameworks */ = {
			isa = PBXFrameworksBuildPhase;
			buildActionMask = 2147483647;
			files = (
				5178DFB82498A821005EBE59 /* BBLBasics.framework in Frameworks */,
				5178DFBA2498A871005EBE59 /* Silica.framework in Frameworks */,
			);
			runOnlyForDeploymentPostprocessing = 0;
		};
		51100F1D1CC15D540095B985 /* Frameworks */ = {
			isa = PBXFrameworksBuildPhase;
			buildActionMask = 2147483647;
			files = (
				51B8F25D1DB582A200E79EEC /* BBLAccessibility.framework in Frameworks */,
				514DE3BA249085CB00A3E184 /* BBLBasics.framework in Frameworks */,
				514DE3B8249085AF00A3E184 /* Silica.framework in Frameworks */,
			);
			runOnlyForDeploymentPostprocessing = 0;
		};
		51100F2B1CC15D540095B985 /* Frameworks */ = {
			isa = PBXFrameworksBuildPhase;
			buildActionMask = 2147483647;
			files = (
			);
			runOnlyForDeploymentPostprocessing = 0;
		};
		511EECD224909C560029982D /* Frameworks */ = {
			isa = PBXFrameworksBuildPhase;
			buildActionMask = 2147483647;
			files = (
				511EECE824909C8E0029982D /* BBLAccessibility.framework in Frameworks */,
				511EECEF24909C990029982D /* BBLBasics.framework in Frameworks */,
				514DAEB52493EA23009AD46A /* WindowListMonitor.framework in Frameworks */,
			);
			runOnlyForDeploymentPostprocessing = 0;
		};
		514DAEAB2493EA23009AD46A /* Frameworks */ = {
			isa = PBXFrameworksBuildPhase;
			buildActionMask = 2147483647;
			files = (
				5178DFBE2498A93D005EBE59 /* BBLAccessibility.framework in Frameworks */,
				5178DFC52498AB3C005EBE59 /* Silica.framework in Frameworks */,
			);
			runOnlyForDeploymentPostprocessing = 0;
		};
		514DAECD24972E23009AD46A /* Frameworks */ = {
			isa = PBXFrameworksBuildPhase;
			buildActionMask = 2147483647;
			files = (
				514DAEDC24972E33009AD46A /* BBLBasics.framework in Frameworks */,
				513A8DC424A19498009FFF81 /* BBLAccessibility.framework in Frameworks */,
			);
			runOnlyForDeploymentPostprocessing = 0;
		};
		514DAEE424972EA9009AD46A /* Frameworks */ = {
			isa = PBXFrameworksBuildPhase;
			buildActionMask = 2147483647;
			files = (
				514A4D7D24972FC700E8021A /* BBLBasics.framework in Frameworks */,
				514A4D7924972FC700E8021A /* WindowCoordinator.framework in Frameworks */,
			);
			runOnlyForDeploymentPostprocessing = 0;
		};
/* End PBXFrameworksBuildPhase section */

/* Begin PBXGroup section */
		51100F011CC15D200095B985 = {
			isa = PBXGroup;
			children = (
				51100F0D1CC15D200095B985 /* BBLAccessibility */,
				51100F211CC15D540095B985 /* BBLAccessibilityApp */,
				51100F311CC15D540095B985 /* BBLAccessibilityAppUITests */,
				51D53ADD1DCA3A9200079955 /* Silica.xcodeproj */,
				5183AAAF20F53038004388C3 /* lab */,
				514DAEAF2493EA23009AD46A /* WindowListMonitor */,
				511EECD624909C560029982D /* WindowListMonitorDemo */,
				514DAED124972E23009AD46A /* WindowCoordinator */,
				514DAEE824972EA9009AD46A /* WindowCoordinatorDemo */,
				51100F0C1CC15D200095B985 /* Products */,
				5191A9401E34FFBF001B94FD /* Frameworks */,
			);
			sourceTree = "<group>";
		};
		51100F0C1CC15D200095B985 /* Products */ = {
			isa = PBXGroup;
			children = (
				51100F0B1CC15D200095B985 /* BBLAccessibility.framework */,
				51100F201CC15D540095B985 /* BBLAccessibilityApp.app */,
				51100F2E1CC15D540095B985 /* BBLAccessibilityAppUITests.xctest */,
				511EECD524909C560029982D /* WindowListMonitorDemo.app */,
				514DAEAE2493EA23009AD46A /* WindowListMonitor.framework */,
				514DAED024972E23009AD46A /* WindowCoordinator.framework */,
				514DAEE724972EA9009AD46A /* WindowCoordinatorDemo.app */,
			);
			name = Products;
			sourceTree = "<group>";
		};
		51100F0D1CC15D200095B985 /* BBLAccessibility */ = {
			isa = PBXGroup;
			children = (
				51FA4A2B1F5774A5007123B0 /* AccessibilityHelper.swift */,
				516218501F5770F00011508E /* Window Buttons */,
				51B8F2221DB5774100E79EEC /* BBLAccessibilityPublisher.h */,
				51B8F2231DB5774100E79EEC /* BBLAccessibilityPublisher.m */,
				51D6F8991DDF73D0003F7E31 /* AccessibilityInfo.h */,
				51D6F89A1DDF73D0003F7E31 /* AccessibilityInfo.m */,
				5123E4BF1DDFD62B0099D11E /* Silica-ext.h */,
				5123E4C01DDFD62B0099D11E /* Silica-ext.m */,
				51100F0E1CC15D200095B985 /* BBLAccessibility.h */,
				51B0D8C71E4BD47900EED498 /* logging.h */,
				51100F101CC15D200095B985 /* Info.plist */,
				511EECF1249101680029982D /* CGWindowList.swift */,
				511EED11249116B40029982D /* BBLAccessibilityPublisher-ext.swift */,
			);
			path = BBLAccessibility;
			sourceTree = "<group>";
		};
		51100F211CC15D540095B985 /* BBLAccessibilityApp */ = {
			isa = PBXGroup;
			children = (
				51100F221CC15D540095B985 /* AppDelegate.swift */,
				51100F241CC15D540095B985 /* Assets.xcassets */,
				51100F261CC15D540095B985 /* MainMenu.xib */,
				51100F291CC15D540095B985 /* Info.plist */,
				51100F3F1CC15DA30095B985 /* BBLAccessibilityApp-Bridging-Header.h */,
			);
			path = BBLAccessibilityApp;
			sourceTree = "<group>";
		};
		51100F311CC15D540095B985 /* BBLAccessibilityAppUITests */ = {
			isa = PBXGroup;
			children = (
				51100F321CC15D540095B985 /* BBLAccessibilityAppUITests.swift */,
				51100F341CC15D540095B985 /* Info.plist */,
			);
			path = BBLAccessibilityAppUITests;
			sourceTree = "<group>";
		};
		511EECD624909C560029982D /* WindowListMonitorDemo */ = {
			isa = PBXGroup;
			children = (
				511EECD724909C560029982D /* AppDelegate.swift */,
				511EECD924909C560029982D /* ContentView.swift */,
				511EECDB24909C590029982D /* Assets.xcassets */,
				511EECE024909C590029982D /* Main.storyboard */,
				511EECE324909C590029982D /* Info.plist */,
				511EECE424909C590029982D /* WindowListMonitorDemo.entitlements */,
				511EECDD24909C590029982D /* Preview Content */,
			);
			path = WindowListMonitorDemo;
			sourceTree = "<group>";
		};
		511EECDD24909C590029982D /* Preview Content */ = {
			isa = PBXGroup;
			children = (
				511EECDE24909C590029982D /* Preview Assets.xcassets */,
			);
			path = "Preview Content";
			sourceTree = "<group>";
		};
		514DAEAF2493EA23009AD46A /* WindowListMonitor */ = {
			isa = PBXGroup;
			children = (
				514DAEBB2493EA3B009AD46A /* WindowListMonitor.swift */,
				514DAEB02493EA23009AD46A /* WindowListMonitor.h */,
				514DAEB12493EA23009AD46A /* Info.plist */,
			);
			path = WindowListMonitor;
			sourceTree = "<group>";
		};
		514DAED124972E23009AD46A /* WindowCoordinator */ = {
			isa = PBXGroup;
			children = (
				514DAEE124972E60009AD46A /* WindowCoordinator.swift */,
				514DAED224972E23009AD46A /* WindowCoordinator.h */,
				514DAED324972E23009AD46A /* Info.plist */,
			);
			path = WindowCoordinator;
			sourceTree = "<group>";
		};
		514DAEE824972EA9009AD46A /* WindowCoordinatorDemo */ = {
			isa = PBXGroup;
			children = (
				514A4D7124972F4900E8021A /* Main.storyboard */,
				514DAEE924972EA9009AD46A /* AppDelegate.swift */,
				514DAEEB24972EA9009AD46A /* ContentView.swift */,
				514DAEED24972EAB009AD46A /* Assets.xcassets */,
				514DAEF524972EAB009AD46A /* Info.plist */,
				514DAEF624972EAB009AD46A /* WindowCoordinatorDemo.entitlements */,
				514DAEEF24972EAB009AD46A /* Preview Content */,
			);
			path = WindowCoordinatorDemo;
			sourceTree = "<group>";
		};
		514DAEEF24972EAB009AD46A /* Preview Content */ = {
			isa = PBXGroup;
			children = (
				514DAEF024972EAB009AD46A /* Preview Assets.xcassets */,
			);
			path = "Preview Content";
			sourceTree = "<group>";
		};
		516218501F5770F00011508E /* Window Buttons */ = {
			isa = PBXGroup;
			children = (
				51FA4A2D1F5774B0007123B0 /* AccessibilityInfo-ext.swift */,
				51FA4A2E1F5774B0007123B0 /* Silica-ext.swift */,
			);
			name = "Window Buttons";
			path = BBLAccessibilitySwift;
			sourceTree = SOURCE_ROOT;
		};
		5191A9401E34FFBF001B94FD /* Frameworks */ = {
			isa = PBXGroup;
			children = (
				514DE3AF2490746700A3E184 /* BBLBasics.framework */,
				51DF495A1E4E7F9800D1DCA5 /* BBLBasics.framework */,
			);
			name = Frameworks;
			sourceTree = "<group>";
		};
		51D53ADE1DCA3A9200079955 /* Products */ = {
			isa = PBXGroup;
			children = (
				51D53AE21DCA3A9200079955 /* Silica.framework */,
			);
			name = Products;
			sourceTree = "<group>";
		};
/* End PBXGroup section */

/* Begin PBXHeadersBuildPhase section */
		51100F081CC15D200095B985 /* Headers */ = {
			isa = PBXHeadersBuildPhase;
			buildActionMask = 2147483647;
			files = (
				51D6F89B1DDF73D0003F7E31 /* AccessibilityInfo.h in Headers */,
				5123E4C11DDFD62B0099D11E /* Silica-ext.h in Headers */,
				51100F0F1CC15D200095B985 /* BBLAccessibility.h in Headers */,
				51B8F2241DB5774100E79EEC /* BBLAccessibilityPublisher.h in Headers */,
			);
			runOnlyForDeploymentPostprocessing = 0;
		};
		514DAEA92493EA23009AD46A /* Headers */ = {
			isa = PBXHeadersBuildPhase;
			buildActionMask = 2147483647;
			files = (
				514DAEB22493EA23009AD46A /* WindowListMonitor.h in Headers */,
			);
			runOnlyForDeploymentPostprocessing = 0;
		};
		514DAECB24972E23009AD46A /* Headers */ = {
			isa = PBXHeadersBuildPhase;
			buildActionMask = 2147483647;
			files = (
				514DAED424972E23009AD46A /* WindowCoordinator.h in Headers */,
			);
			runOnlyForDeploymentPostprocessing = 0;
		};
/* End PBXHeadersBuildPhase section */

/* Begin PBXNativeTarget section */
		51100F0A1CC15D200095B985 /* BBLAccessibility */ = {
			isa = PBXNativeTarget;
			buildConfigurationList = 51100F131CC15D200095B985 /* Build configuration list for PBXNativeTarget "BBLAccessibility" */;
			buildPhases = (
				51100F061CC15D200095B985 /* Sources */,
				51100F071CC15D200095B985 /* Frameworks */,
				51100F081CC15D200095B985 /* Headers */,
				51100F091CC15D200095B985 /* Resources */,
				5178DFB52498A7EA005EBE59 /* Embed Frameworks */,
			);
			buildRules = (
			);
			dependencies = (
			);
			name = BBLAccessibility;
			productName = BBLAccessibility;
			productReference = 51100F0B1CC15D200095B985 /* BBLAccessibility.framework */;
			productType = "com.apple.product-type.framework";
		};
		51100F1F1CC15D540095B985 /* BBLAccessibilityApp */ = {
			isa = PBXNativeTarget;
			buildConfigurationList = 51100F351CC15D540095B985 /* Build configuration list for PBXNativeTarget "BBLAccessibilityApp" */;
			buildPhases = (
				51100F1C1CC15D540095B985 /* Sources */,
				51100F1D1CC15D540095B985 /* Frameworks */,
				51100F1E1CC15D540095B985 /* Resources */,
				51B8F2611DB582A200E79EEC /* Embed Frameworks */,
			);
			buildRules = (
			);
			dependencies = (
				51B8F2601DB582A200E79EEC /* PBXTargetDependency */,
			);
			name = BBLAccessibilityApp;
			productName = BBLAccessibilityApp;
			productReference = 51100F201CC15D540095B985 /* BBLAccessibilityApp.app */;
			productType = "com.apple.product-type.application";
		};
		51100F2D1CC15D540095B985 /* BBLAccessibilityAppUITests */ = {
			isa = PBXNativeTarget;
			buildConfigurationList = 51100F381CC15D540095B985 /* Build configuration list for PBXNativeTarget "BBLAccessibilityAppUITests" */;
			buildPhases = (
				51100F2A1CC15D540095B985 /* Sources */,
				51100F2B1CC15D540095B985 /* Frameworks */,
				51100F2C1CC15D540095B985 /* Resources */,
			);
			buildRules = (
			);
			dependencies = (
				51100F301CC15D540095B985 /* PBXTargetDependency */,
			);
			name = BBLAccessibilityAppUITests;
			productName = BBLAccessibilityAppUITests;
			productReference = 51100F2E1CC15D540095B985 /* BBLAccessibilityAppUITests.xctest */;
			productType = "com.apple.product-type.bundle.ui-testing";
		};
		511EECD424909C560029982D /* WindowListMonitorDemo */ = {
			isa = PBXNativeTarget;
			buildConfigurationList = 511EECE524909C590029982D /* Build configuration list for PBXNativeTarget "WindowListMonitorDemo" */;
			buildPhases = (
				511EECD124909C560029982D /* Sources */,
				511EECD224909C560029982D /* Frameworks */,
				511EECD324909C560029982D /* Resources */,
				511EECEC24909C8F0029982D /* Embed Frameworks */,
			);
			buildRules = (
			);
			dependencies = (
				511EECEB24909C8E0029982D /* PBXTargetDependency */,
				514DAEB42493EA23009AD46A /* PBXTargetDependency */,
			);
			name = WindowListMonitorDemo;
			productName = WindowListMonitorDemo;
			productReference = 511EECD524909C560029982D /* WindowListMonitorDemo.app */;
			productType = "com.apple.product-type.application";
		};
		514DAEAD2493EA23009AD46A /* WindowListMonitor */ = {
			isa = PBXNativeTarget;
			buildConfigurationList = 514DAEBA2493EA23009AD46A /* Build configuration list for PBXNativeTarget "WindowListMonitor" */;
			buildPhases = (
				514DAEA92493EA23009AD46A /* Headers */,
				514DAEAA2493EA23009AD46A /* Sources */,
				514DAEAB2493EA23009AD46A /* Frameworks */,
				514DAEAC2493EA23009AD46A /* Resources */,
				5178DFC02498A93D005EBE59 /* Embed Frameworks */,
			);
			buildRules = (
			);
			dependencies = (
				514DAEC02493EA57009AD46A /* PBXTargetDependency */,
			);
			name = WindowListMonitor;
			productName = WindowListMonitor;
			productReference = 514DAEAE2493EA23009AD46A /* WindowListMonitor.framework */;
			productType = "com.apple.product-type.framework";
		};
		514DAECF24972E23009AD46A /* WindowCoordinator */ = {
			isa = PBXNativeTarget;
			buildConfigurationList = 514DAED524972E23009AD46A /* Build configuration list for PBXNativeTarget "WindowCoordinator" */;
			buildPhases = (
				514DAECB24972E23009AD46A /* Headers */,
				514DAECC24972E23009AD46A /* Sources */,
				514DAECD24972E23009AD46A /* Frameworks */,
				514DAECE24972E23009AD46A /* Resources */,
				513A8DC624A19499009FFF81 /* Embed Frameworks */,
			);
			buildRules = (
			);
			dependencies = (
				514DAEDB24972E33009AD46A /* PBXTargetDependency */,
			);
			name = WindowCoordinator;
			productName = WindowCoordinator;
			productReference = 514DAED024972E23009AD46A /* WindowCoordinator.framework */;
			productType = "com.apple.product-type.framework";
		};
		514DAEE624972EA9009AD46A /* WindowCoordinatorDemo */ = {
			isa = PBXNativeTarget;
			buildConfigurationList = 514DAEF724972EAB009AD46A /* Build configuration list for PBXNativeTarget "WindowCoordinatorDemo" */;
			buildPhases = (
				514DAEE324972EA9009AD46A /* Sources */,
				514DAEE424972EA9009AD46A /* Frameworks */,
				514DAEE524972EA9009AD46A /* Resources */,
				514A4D7F24972FC700E8021A /* Embed Frameworks */,
			);
			buildRules = (
			);
			dependencies = (
				514A4D7C24972FC700E8021A /* PBXTargetDependency */,
			);
			name = WindowCoordinatorDemo;
			productName = WindowCoordinatorDemo;
			productReference = 514DAEE724972EA9009AD46A /* WindowCoordinatorDemo.app */;
			productType = "com.apple.product-type.application";
		};
/* End PBXNativeTarget section */

/* Begin PBXProject section */
		51100F021CC15D200095B985 /* Project object */ = {
			isa = PBXProject;
			attributes = {
				LastSwiftUpdateCheck = 1130;
				LastUpgradeCheck = 1150;
				ORGANIZATIONNAME = "Big Bear Labs";
				TargetAttributes = {
					51100F0A1CC15D200095B985 = {
						CreatedOnToolsVersion = 7.3;
						DevelopmentTeam = XK44TD8U4S;
						LastSwiftMigration = 1020;
						ProvisioningStyle = Automatic;
					};
					51100F1F1CC15D540095B985 = {
						CreatedOnToolsVersion = 7.3;
						LastSwiftMigration = 0830;
					};
					51100F2D1CC15D540095B985 = {
						CreatedOnToolsVersion = 7.3;
						LastSwiftMigration = 0830;
						TestTargetID = 51100F1F1CC15D540095B985;
					};
					511EECD424909C560029982D = {
						CreatedOnToolsVersion = 11.3.1;
						DevelopmentTeam = XK44TD8U4S;
						ProvisioningStyle = Automatic;
					};
					514DAEAD2493EA23009AD46A = {
						CreatedOnToolsVersion = 11.3.1;
						DevelopmentTeam = XK44TD8U4S;
						LastSwiftMigration = 1130;
						ProvisioningStyle = Automatic;
					};
					514DAECF24972E23009AD46A = {
						CreatedOnToolsVersion = 11.3.1;
						DevelopmentTeam = XK44TD8U4S;
						LastSwiftMigration = 1130;
						ProvisioningStyle = Automatic;
					};
					514DAEE624972EA9009AD46A = {
						CreatedOnToolsVersion = 11.3.1;
						DevelopmentTeam = XK44TD8U4S;
						ProvisioningStyle = Automatic;
					};
				};
			};
			buildConfigurationList = 51100F051CC15D200095B985 /* Build configuration list for PBXProject "BBLAccessibility" */;
			compatibilityVersion = "Xcode 6.3";
			developmentRegion = en;
			hasScannedForEncodings = 0;
			knownRegions = (
				en,
				Base,
			);
			mainGroup = 51100F011CC15D200095B985;
			productRefGroup = 51100F0C1CC15D200095B985 /* Products */;
			projectDirPath = "";
			projectReferences = (
				{
					ProductGroup = 51D53ADE1DCA3A9200079955 /* Products */;
					ProjectRef = 51D53ADD1DCA3A9200079955 /* Silica.xcodeproj */;
				},
			);
			projectRoot = "";
			targets = (
				51100F0A1CC15D200095B985 /* BBLAccessibility */,
				51100F1F1CC15D540095B985 /* BBLAccessibilityApp */,
				51100F2D1CC15D540095B985 /* BBLAccessibilityAppUITests */,
				511EECD424909C560029982D /* WindowListMonitorDemo */,
				514DAEAD2493EA23009AD46A /* WindowListMonitor */,
				514DAECF24972E23009AD46A /* WindowCoordinator */,
				514DAEE624972EA9009AD46A /* WindowCoordinatorDemo */,
			);
		};
/* End PBXProject section */

/* Begin PBXReferenceProxy section */
		51D53AE21DCA3A9200079955 /* Silica.framework */ = {
			isa = PBXReferenceProxy;
			fileType = wrapper.framework;
			path = Silica.framework;
			remoteRef = 51D53AE11DCA3A9200079955 /* PBXContainerItemProxy */;
			sourceTree = BUILT_PRODUCTS_DIR;
		};
/* End PBXReferenceProxy section */

/* Begin PBXResourcesBuildPhase section */
		51100F091CC15D200095B985 /* Resources */ = {
			isa = PBXResourcesBuildPhase;
			buildActionMask = 2147483647;
			files = (
			);
			runOnlyForDeploymentPostprocessing = 0;
		};
		51100F1E1CC15D540095B985 /* Resources */ = {
			isa = PBXResourcesBuildPhase;
			buildActionMask = 2147483647;
			files = (
				51100F251CC15D540095B985 /* Assets.xcassets in Resources */,
				51100F281CC15D540095B985 /* MainMenu.xib in Resources */,
			);
			runOnlyForDeploymentPostprocessing = 0;
		};
		51100F2C1CC15D540095B985 /* Resources */ = {
			isa = PBXResourcesBuildPhase;
			buildActionMask = 2147483647;
			files = (
			);
			runOnlyForDeploymentPostprocessing = 0;
		};
		511EECD324909C560029982D /* Resources */ = {
			isa = PBXResourcesBuildPhase;
			buildActionMask = 2147483647;
			files = (
				511EECE224909C590029982D /* Main.storyboard in Resources */,
				511EECDF24909C590029982D /* Preview Assets.xcassets in Resources */,
				511EECDC24909C590029982D /* Assets.xcassets in Resources */,
			);
			runOnlyForDeploymentPostprocessing = 0;
		};
		514DAEAC2493EA23009AD46A /* Resources */ = {
			isa = PBXResourcesBuildPhase;
			buildActionMask = 2147483647;
			files = (
			);
			runOnlyForDeploymentPostprocessing = 0;
		};
		514DAECE24972E23009AD46A /* Resources */ = {
			isa = PBXResourcesBuildPhase;
			buildActionMask = 2147483647;
			files = (
			);
			runOnlyForDeploymentPostprocessing = 0;
		};
		514DAEE524972EA9009AD46A /* Resources */ = {
			isa = PBXResourcesBuildPhase;
			buildActionMask = 2147483647;
			files = (
				514A4D7424972F4900E8021A /* Main.storyboard in Resources */,
				514DAEF124972EAB009AD46A /* Preview Assets.xcassets in Resources */,
				514DAEEE24972EAB009AD46A /* Assets.xcassets in Resources */,
			);
			runOnlyForDeploymentPostprocessing = 0;
		};
/* End PBXResourcesBuildPhase section */

/* Begin PBXSourcesBuildPhase section */
		51100F061CC15D200095B985 /* Sources */ = {
			isa = PBXSourcesBuildPhase;
			buildActionMask = 2147483647;
			files = (
				51FA4A2F1F5774B0007123B0 /* AccessibilityInfo-ext.swift in Sources */,
				511EECF2249101680029982D /* CGWindowList.swift in Sources */,
				511EED12249116B40029982D /* BBLAccessibilityPublisher-ext.swift in Sources */,
				51D6F89C1DDF73D0003F7E31 /* AccessibilityInfo.m in Sources */,
				51FA4A301F5774B0007123B0 /* Silica-ext.swift in Sources */,
				51B8F2251DB5774100E79EEC /* BBLAccessibilityPublisher.m in Sources */,
				51FA4A2C1F5774A5007123B0 /* AccessibilityHelper.swift in Sources */,
				51FA4A271F57740E007123B0 /* Silica-ext.m in Sources */,
			);
			runOnlyForDeploymentPostprocessing = 0;
		};
		51100F1C1CC15D540095B985 /* Sources */ = {
			isa = PBXSourcesBuildPhase;
			buildActionMask = 2147483647;
			files = (
				51100F231CC15D540095B985 /* AppDelegate.swift in Sources */,
			);
			runOnlyForDeploymentPostprocessing = 0;
		};
		51100F2A1CC15D540095B985 /* Sources */ = {
			isa = PBXSourcesBuildPhase;
			buildActionMask = 2147483647;
			files = (
				51100F331CC15D540095B985 /* BBLAccessibilityAppUITests.swift in Sources */,
			);
			runOnlyForDeploymentPostprocessing = 0;
		};
		511EECD124909C560029982D /* Sources */ = {
			isa = PBXSourcesBuildPhase;
			buildActionMask = 2147483647;
			files = (
				511EECDA24909C560029982D /* ContentView.swift in Sources */,
				511EECD824909C560029982D /* AppDelegate.swift in Sources */,
			);
			runOnlyForDeploymentPostprocessing = 0;
		};
		514DAEAA2493EA23009AD46A /* Sources */ = {
			isa = PBXSourcesBuildPhase;
			buildActionMask = 2147483647;
			files = (
				514DAEBC2493EA3B009AD46A /* WindowListMonitor.swift in Sources */,
			);
			runOnlyForDeploymentPostprocessing = 0;
		};
		514DAECC24972E23009AD46A /* Sources */ = {
			isa = PBXSourcesBuildPhase;
			buildActionMask = 2147483647;
			files = (
				514DAEE224972E60009AD46A /* WindowCoordinator.swift in Sources */,
			);
			runOnlyForDeploymentPostprocessing = 0;
		};
		514DAEE324972EA9009AD46A /* Sources */ = {
			isa = PBXSourcesBuildPhase;
			buildActionMask = 2147483647;
			files = (
				514DAEEC24972EA9009AD46A /* ContentView.swift in Sources */,
				514DAEEA24972EA9009AD46A /* AppDelegate.swift in Sources */,
			);
			runOnlyForDeploymentPostprocessing = 0;
		};
/* End PBXSourcesBuildPhase section */

/* Begin PBXTargetDependency section */
		51100F301CC15D540095B985 /* PBXTargetDependency */ = {
			isa = PBXTargetDependency;
			target = 51100F1F1CC15D540095B985 /* BBLAccessibilityApp */;
			targetProxy = 51100F2F1CC15D540095B985 /* PBXContainerItemProxy */;
		};
		511EECEB24909C8E0029982D /* PBXTargetDependency */ = {
			isa = PBXTargetDependency;
			target = 51100F0A1CC15D200095B985 /* BBLAccessibility */;
			targetProxy = 511EECEA24909C8E0029982D /* PBXContainerItemProxy */;
		};
		514A4D7C24972FC700E8021A /* PBXTargetDependency */ = {
			isa = PBXTargetDependency;
			target = 514DAECF24972E23009AD46A /* WindowCoordinator */;
			targetProxy = 514A4D7B24972FC700E8021A /* PBXContainerItemProxy */;
		};
		514DAEB42493EA23009AD46A /* PBXTargetDependency */ = {
			isa = PBXTargetDependency;
			target = 514DAEAD2493EA23009AD46A /* WindowListMonitor */;
			targetProxy = 514DAEB32493EA23009AD46A /* PBXContainerItemProxy */;
		};
		514DAEC02493EA57009AD46A /* PBXTargetDependency */ = {
			isa = PBXTargetDependency;
			target = 51100F0A1CC15D200095B985 /* BBLAccessibility */;
			targetProxy = 514DAEBF2493EA57009AD46A /* PBXContainerItemProxy */;
		};
		514DAEDB24972E33009AD46A /* PBXTargetDependency */ = {
			isa = PBXTargetDependency;
			target = 51100F0A1CC15D200095B985 /* BBLAccessibility */;
			targetProxy = 514DAEDA24972E33009AD46A /* PBXContainerItemProxy */;
		};
		51B8F2601DB582A200E79EEC /* PBXTargetDependency */ = {
			isa = PBXTargetDependency;
			target = 51100F0A1CC15D200095B985 /* BBLAccessibility */;
			targetProxy = 51B8F25F1DB582A200E79EEC /* PBXContainerItemProxy */;
		};
/* End PBXTargetDependency section */

/* Begin PBXVariantGroup section */
		51100F261CC15D540095B985 /* MainMenu.xib */ = {
			isa = PBXVariantGroup;
			children = (
				51100F271CC15D540095B985 /* Base */,
			);
			name = MainMenu.xib;
			sourceTree = "<group>";
		};
		511EECE024909C590029982D /* Main.storyboard */ = {
			isa = PBXVariantGroup;
			children = (
				511EECE124909C590029982D /* Base */,
			);
			name = Main.storyboard;
			sourceTree = "<group>";
		};
		514A4D7124972F4900E8021A /* Main.storyboard */ = {
			isa = PBXVariantGroup;
			children = (
				514A4D7224972F4900E8021A /* Base */,
			);
			name = Main.storyboard;
			sourceTree = "<group>";
		};
/* End PBXVariantGroup section */

/* Begin XCBuildConfiguration section */
		51100F111CC15D200095B985 /* Debug */ = {
			isa = XCBuildConfiguration;
			buildSettings = {
				ALWAYS_SEARCH_USER_PATHS = NO;
				CLANG_ANALYZER_LOCALIZABILITY_NONLOCALIZED = YES;
				CLANG_ANALYZER_NONNULL = YES;
				CLANG_CXX_LANGUAGE_STANDARD = "gnu++0x";
				CLANG_CXX_LIBRARY = "libc++";
				CLANG_ENABLE_MODULES = YES;
				CLANG_ENABLE_OBJC_ARC = YES;
				CLANG_WARN_BLOCK_CAPTURE_AUTORELEASING = YES;
				CLANG_WARN_BOOL_CONVERSION = YES;
				CLANG_WARN_COMMA = YES;
				CLANG_WARN_CONSTANT_CONVERSION = YES;
				CLANG_WARN_DEPRECATED_OBJC_IMPLEMENTATIONS = YES;
				CLANG_WARN_DIRECT_OBJC_ISA_USAGE = YES_ERROR;
				CLANG_WARN_EMPTY_BODY = YES;
				CLANG_WARN_ENUM_CONVERSION = YES;
				CLANG_WARN_INFINITE_RECURSION = YES;
				CLANG_WARN_INT_CONVERSION = YES;
				CLANG_WARN_NON_LITERAL_NULL_CONVERSION = YES;
				CLANG_WARN_OBJC_IMPLICIT_RETAIN_SELF = YES;
				CLANG_WARN_OBJC_LITERAL_CONVERSION = YES;
				CLANG_WARN_OBJC_ROOT_CLASS = YES_ERROR;
				CLANG_WARN_RANGE_LOOP_ANALYSIS = YES;
				CLANG_WARN_STRICT_PROTOTYPES = YES;
				CLANG_WARN_SUSPICIOUS_MOVE = YES;
				CLANG_WARN_UNREACHABLE_CODE = YES;
				CLANG_WARN__DUPLICATE_METHOD_MATCH = YES;
				COPY_PHASE_STRIP = NO;
				CURRENT_PROJECT_VERSION = 1;
				DEBUG_INFORMATION_FORMAT = dwarf;
				ENABLE_STRICT_OBJC_MSGSEND = YES;
				ENABLE_TESTABILITY = YES;
				GCC_C_LANGUAGE_STANDARD = gnu99;
				GCC_DYNAMIC_NO_PIC = NO;
				GCC_NO_COMMON_BLOCKS = YES;
				GCC_OPTIMIZATION_LEVEL = 0;
				GCC_PREPROCESSOR_DEFINITIONS = (
					"DEBUG=1",
					"$(inherited)",
				);
				GCC_WARN_64_TO_32_BIT_CONVERSION = YES;
				GCC_WARN_ABOUT_RETURN_TYPE = YES_ERROR;
				GCC_WARN_UNDECLARED_SELECTOR = YES;
				GCC_WARN_UNINITIALIZED_AUTOS = YES_AGGRESSIVE;
				GCC_WARN_UNUSED_FUNCTION = YES;
				GCC_WARN_UNUSED_VARIABLE = YES;
				MACOSX_DEPLOYMENT_TARGET = 10.12;
				MTL_ENABLE_DEBUG_INFO = YES;
				ONLY_ACTIVE_ARCH = YES;
				SDKROOT = macosx;
				SWIFT_VERSION = 5.0;
				VERSIONING_SYSTEM = "apple-generic";
				VERSION_INFO_PREFIX = "";
			};
			name = Debug;
		};
		51100F121CC15D200095B985 /* Release */ = {
			isa = XCBuildConfiguration;
			buildSettings = {
				ALWAYS_SEARCH_USER_PATHS = NO;
				CLANG_ANALYZER_LOCALIZABILITY_NONLOCALIZED = YES;
				CLANG_ANALYZER_NONNULL = YES;
				CLANG_CXX_LANGUAGE_STANDARD = "gnu++0x";
				CLANG_CXX_LIBRARY = "libc++";
				CLANG_ENABLE_MODULES = YES;
				CLANG_ENABLE_OBJC_ARC = YES;
				CLANG_WARN_BLOCK_CAPTURE_AUTORELEASING = YES;
				CLANG_WARN_BOOL_CONVERSION = YES;
				CLANG_WARN_COMMA = YES;
				CLANG_WARN_CONSTANT_CONVERSION = YES;
				CLANG_WARN_DEPRECATED_OBJC_IMPLEMENTATIONS = YES;
				CLANG_WARN_DIRECT_OBJC_ISA_USAGE = YES_ERROR;
				CLANG_WARN_EMPTY_BODY = YES;
				CLANG_WARN_ENUM_CONVERSION = YES;
				CLANG_WARN_INFINITE_RECURSION = YES;
				CLANG_WARN_INT_CONVERSION = YES;
				CLANG_WARN_NON_LITERAL_NULL_CONVERSION = YES;
				CLANG_WARN_OBJC_IMPLICIT_RETAIN_SELF = YES;
				CLANG_WARN_OBJC_LITERAL_CONVERSION = YES;
				CLANG_WARN_OBJC_ROOT_CLASS = YES_ERROR;
				CLANG_WARN_RANGE_LOOP_ANALYSIS = YES;
				CLANG_WARN_STRICT_PROTOTYPES = YES;
				CLANG_WARN_SUSPICIOUS_MOVE = YES;
				CLANG_WARN_UNREACHABLE_CODE = YES;
				CLANG_WARN__DUPLICATE_METHOD_MATCH = YES;
				COPY_PHASE_STRIP = NO;
				CURRENT_PROJECT_VERSION = 1;
				DEBUG_INFORMATION_FORMAT = "dwarf-with-dsym";
				ENABLE_NS_ASSERTIONS = NO;
				ENABLE_STRICT_OBJC_MSGSEND = YES;
				GCC_C_LANGUAGE_STANDARD = gnu99;
				GCC_NO_COMMON_BLOCKS = YES;
				GCC_WARN_64_TO_32_BIT_CONVERSION = YES;
				GCC_WARN_ABOUT_RETURN_TYPE = YES_ERROR;
				GCC_WARN_UNDECLARED_SELECTOR = YES;
				GCC_WARN_UNINITIALIZED_AUTOS = YES_AGGRESSIVE;
				GCC_WARN_UNUSED_FUNCTION = YES;
				GCC_WARN_UNUSED_VARIABLE = YES;
				MACOSX_DEPLOYMENT_TARGET = 10.12;
				MTL_ENABLE_DEBUG_INFO = NO;
				SDKROOT = macosx;
				SWIFT_OPTIMIZATION_LEVEL = "-Owholemodule";
				SWIFT_VERSION = 5.0;
				VERSIONING_SYSTEM = "apple-generic";
				VERSION_INFO_PREFIX = "";
			};
			name = Release;
		};
		51100F141CC15D200095B985 /* Debug */ = {
			isa = XCBuildConfiguration;
			buildSettings = {
				CLANG_ENABLE_MODULES = YES;
				CODE_SIGN_IDENTITY = "Apple Development";
				CODE_SIGN_STYLE = Automatic;
				COMBINE_HIDPI_IMAGES = YES;
				DEFINES_MODULE = YES;
				DEVELOPMENT_TEAM = XK44TD8U4S;
				DYLIB_COMPATIBILITY_VERSION = 1;
				DYLIB_CURRENT_VERSION = 1;
				DYLIB_INSTALL_NAME_BASE = "@rpath";
				FRAMEWORK_VERSION = A;
				INFOPLIST_FILE = BBLAccessibility/Info.plist;
				LD_RUNPATH_SEARCH_PATHS = "$(inherited) @executable_path/../Frameworks @loader_path/Frameworks";
				PRODUCT_BUNDLE_IDENTIFIER = com.bigbearlabs.BBLAccessibility;
				PRODUCT_NAME = "$(TARGET_NAME)";
				PROVISIONING_PROFILE_SPECIFIER = "";
				SKIP_INSTALL = YES;
				SWIFT_OPTIMIZATION_LEVEL = "-Onone";
			};
			name = Debug;
		};
		51100F151CC15D200095B985 /* Release */ = {
			isa = XCBuildConfiguration;
			buildSettings = {
				CLANG_ENABLE_MODULES = YES;
				CODE_SIGN_IDENTITY = "Apple Development";
				CODE_SIGN_STYLE = Automatic;
				COMBINE_HIDPI_IMAGES = YES;
				DEFINES_MODULE = YES;
				DEVELOPMENT_TEAM = XK44TD8U4S;
				DYLIB_COMPATIBILITY_VERSION = 1;
				DYLIB_CURRENT_VERSION = 1;
				DYLIB_INSTALL_NAME_BASE = "@rpath";
				FRAMEWORK_VERSION = A;
				INFOPLIST_FILE = BBLAccessibility/Info.plist;
				LD_RUNPATH_SEARCH_PATHS = "$(inherited) @executable_path/../Frameworks @loader_path/Frameworks";
				PRODUCT_BUNDLE_IDENTIFIER = com.bigbearlabs.BBLAccessibility;
				PRODUCT_NAME = "$(TARGET_NAME)";
				PROVISIONING_PROFILE_SPECIFIER = "";
				SKIP_INSTALL = YES;
			};
			name = Release;
		};
		51100F361CC15D540095B985 /* Debug */ = {
			isa = XCBuildConfiguration;
			buildSettings = {
				ALWAYS_EMBED_SWIFT_STANDARD_LIBRARIES = YES;
				ASSETCATALOG_COMPILER_APPICON_NAME = AppIcon;
				CLANG_ENABLE_MODULES = YES;
				CODE_SIGN_IDENTITY = "-";
				COMBINE_HIDPI_IMAGES = YES;
				INFOPLIST_FILE = BBLAccessibilityApp/Info.plist;
				LD_RUNPATH_SEARCH_PATHS = "$(inherited) @executable_path/../Frameworks";
				PRODUCT_BUNDLE_IDENTIFIER = com.bigbearlabs.BBLAccessibilityApp;
				PRODUCT_NAME = "$(TARGET_NAME)";
				SWIFT_OBJC_BRIDGING_HEADER = "BBLAccessibilityApp/BBLAccessibilityApp-Bridging-Header.h";
				SWIFT_OPTIMIZATION_LEVEL = "-Onone";
			};
			name = Debug;
		};
		51100F371CC15D540095B985 /* Release */ = {
			isa = XCBuildConfiguration;
			buildSettings = {
				ALWAYS_EMBED_SWIFT_STANDARD_LIBRARIES = YES;
				ASSETCATALOG_COMPILER_APPICON_NAME = AppIcon;
				CLANG_ENABLE_MODULES = YES;
				CODE_SIGN_IDENTITY = "-";
				COMBINE_HIDPI_IMAGES = YES;
				INFOPLIST_FILE = BBLAccessibilityApp/Info.plist;
				LD_RUNPATH_SEARCH_PATHS = "$(inherited) @executable_path/../Frameworks";
				PRODUCT_BUNDLE_IDENTIFIER = com.bigbearlabs.BBLAccessibilityApp;
				PRODUCT_NAME = "$(TARGET_NAME)";
				SWIFT_OBJC_BRIDGING_HEADER = "BBLAccessibilityApp/BBLAccessibilityApp-Bridging-Header.h";
			};
			name = Release;
		};
		51100F391CC15D540095B985 /* Debug */ = {
			isa = XCBuildConfiguration;
			buildSettings = {
				COMBINE_HIDPI_IMAGES = YES;
				INFOPLIST_FILE = BBLAccessibilityAppUITests/Info.plist;
				LD_RUNPATH_SEARCH_PATHS = "$(inherited) @executable_path/../Frameworks @loader_path/../Frameworks";
				PRODUCT_BUNDLE_IDENTIFIER = com.bigbearlabs.BBLAccessibilityAppUITests;
				PRODUCT_NAME = "$(TARGET_NAME)";
				SWIFT_VERSION = 3.0;
				TEST_TARGET_NAME = BBLAccessibilityApp;
			};
			name = Debug;
		};
		51100F3A1CC15D540095B985 /* Release */ = {
			isa = XCBuildConfiguration;
			buildSettings = {
				COMBINE_HIDPI_IMAGES = YES;
				INFOPLIST_FILE = BBLAccessibilityAppUITests/Info.plist;
				LD_RUNPATH_SEARCH_PATHS = "$(inherited) @executable_path/../Frameworks @loader_path/../Frameworks";
				PRODUCT_BUNDLE_IDENTIFIER = com.bigbearlabs.BBLAccessibilityAppUITests;
				PRODUCT_NAME = "$(TARGET_NAME)";
				SWIFT_VERSION = 3.0;
				TEST_TARGET_NAME = BBLAccessibilityApp;
			};
			name = Release;
		};
		511EECE624909C590029982D /* Debug */ = {
			isa = XCBuildConfiguration;
			buildSettings = {
				ALWAYS_EMBED_SWIFT_STANDARD_LIBRARIES = YES;
				ASSETCATALOG_COMPILER_APPICON_NAME = AppIcon;
				CLANG_ANALYZER_NUMBER_OBJECT_CONVERSION = YES_AGGRESSIVE;
				CLANG_CXX_LANGUAGE_STANDARD = "gnu++14";
				CLANG_ENABLE_OBJC_WEAK = YES;
				CLANG_WARN_DOCUMENTATION_COMMENTS = YES;
				CLANG_WARN_UNGUARDED_AVAILABILITY = YES_AGGRESSIVE;
				CODE_SIGN_ENTITLEMENTS = WindowListMonitorDemo/WindowListMonitorDemo.entitlements;
				CODE_SIGN_IDENTITY = "-";
				CODE_SIGN_STYLE = Automatic;
				COMBINE_HIDPI_IMAGES = YES;
				DEVELOPMENT_ASSET_PATHS = "\"WindowListMonitorDemo/Preview Content\"";
				DEVELOPMENT_TEAM = XK44TD8U4S;
				ENABLE_HARDENED_RUNTIME = NO;
				ENABLE_PREVIEWS = YES;
				GCC_C_LANGUAGE_STANDARD = gnu11;
				INFOPLIST_FILE = WindowListMonitorDemo/Info.plist;
				LD_RUNPATH_SEARCH_PATHS = "$(inherited) @executable_path/../Frameworks";
				MACOSX_DEPLOYMENT_TARGET = 10.15;
				MTL_ENABLE_DEBUG_INFO = INCLUDE_SOURCE;
				MTL_FAST_MATH = YES;
				PRODUCT_BUNDLE_IDENTIFIER = com.bigbearlabs.BBLAccessibility.WindowListMonitorDemo;
				PRODUCT_NAME = "$(TARGET_NAME)";
				SWIFT_ACTIVE_COMPILATION_CONDITIONS = DEBUG;
				SWIFT_OPTIMIZATION_LEVEL = "-Onone";
				SWIFT_VERSION = 5.0;
			};
			name = Debug;
		};
		511EECE724909C590029982D /* Release */ = {
			isa = XCBuildConfiguration;
			buildSettings = {
				ALWAYS_EMBED_SWIFT_STANDARD_LIBRARIES = YES;
				ASSETCATALOG_COMPILER_APPICON_NAME = AppIcon;
				CLANG_ANALYZER_NUMBER_OBJECT_CONVERSION = YES_AGGRESSIVE;
				CLANG_CXX_LANGUAGE_STANDARD = "gnu++14";
				CLANG_ENABLE_OBJC_WEAK = YES;
				CLANG_WARN_DOCUMENTATION_COMMENTS = YES;
				CLANG_WARN_UNGUARDED_AVAILABILITY = YES_AGGRESSIVE;
				CODE_SIGN_ENTITLEMENTS = WindowListMonitorDemo/WindowListMonitorDemo.entitlements;
				CODE_SIGN_IDENTITY = "-";
				CODE_SIGN_STYLE = Automatic;
				COMBINE_HIDPI_IMAGES = YES;
				DEVELOPMENT_ASSET_PATHS = "\"WindowListMonitorDemo/Preview Content\"";
				DEVELOPMENT_TEAM = XK44TD8U4S;
				ENABLE_HARDENED_RUNTIME = NO;
				ENABLE_PREVIEWS = YES;
				GCC_C_LANGUAGE_STANDARD = gnu11;
				INFOPLIST_FILE = WindowListMonitorDemo/Info.plist;
				LD_RUNPATH_SEARCH_PATHS = "$(inherited) @executable_path/../Frameworks";
				MACOSX_DEPLOYMENT_TARGET = 10.15;
				MTL_FAST_MATH = YES;
				PRODUCT_BUNDLE_IDENTIFIER = com.bigbearlabs.BBLAccessibility.WindowListMonitorDemo;
				PRODUCT_NAME = "$(TARGET_NAME)";
				SWIFT_VERSION = 5.0;
			};
			name = Release;
		};
		514DAEB72493EA23009AD46A /* Debug */ = {
			isa = XCBuildConfiguration;
			buildSettings = {
				CLANG_ANALYZER_NUMBER_OBJECT_CONVERSION = YES_AGGRESSIVE;
				CLANG_CXX_LANGUAGE_STANDARD = "gnu++14";
				CLANG_ENABLE_MODULES = YES;
				CLANG_ENABLE_OBJC_WEAK = YES;
				CLANG_WARN_DOCUMENTATION_COMMENTS = YES;
				CLANG_WARN_UNGUARDED_AVAILABILITY = YES_AGGRESSIVE;
				CODE_SIGN_STYLE = Automatic;
				COMBINE_HIDPI_IMAGES = YES;
				DEFINES_MODULE = YES;
				DEVELOPMENT_TEAM = XK44TD8U4S;
				DYLIB_COMPATIBILITY_VERSION = 1;
				DYLIB_CURRENT_VERSION = 1;
				DYLIB_INSTALL_NAME_BASE = "@rpath";
				GCC_C_LANGUAGE_STANDARD = gnu11;
				INFOPLIST_FILE = WindowListMonitor/Info.plist;
				INSTALL_PATH = "$(LOCAL_LIBRARY_DIR)/Frameworks";
				LD_RUNPATH_SEARCH_PATHS = "$(inherited) @executable_path/../Frameworks @loader_path/Frameworks";
				MACOSX_DEPLOYMENT_TARGET = 10.15;
				MTL_ENABLE_DEBUG_INFO = INCLUDE_SOURCE;
				MTL_FAST_MATH = YES;
				PRODUCT_BUNDLE_IDENTIFIER = com.bigbearlabs.WindowListMonitor;
				PRODUCT_NAME = "$(TARGET_NAME:c99extidentifier)";
				SKIP_INSTALL = YES;
				SWIFT_ACTIVE_COMPILATION_CONDITIONS = DEBUG;
				SWIFT_OPTIMIZATION_LEVEL = "-Onone";
				SWIFT_VERSION = 5.0;
			};
			name = Debug;
		};
		514DAEB82493EA23009AD46A /* Release */ = {
			isa = XCBuildConfiguration;
			buildSettings = {
				CLANG_ANALYZER_NUMBER_OBJECT_CONVERSION = YES_AGGRESSIVE;
				CLANG_CXX_LANGUAGE_STANDARD = "gnu++14";
				CLANG_ENABLE_MODULES = YES;
				CLANG_ENABLE_OBJC_WEAK = YES;
				CLANG_WARN_DOCUMENTATION_COMMENTS = YES;
				CLANG_WARN_UNGUARDED_AVAILABILITY = YES_AGGRESSIVE;
				CODE_SIGN_STYLE = Automatic;
				COMBINE_HIDPI_IMAGES = YES;
				DEFINES_MODULE = YES;
				DEVELOPMENT_TEAM = XK44TD8U4S;
				DYLIB_COMPATIBILITY_VERSION = 1;
				DYLIB_CURRENT_VERSION = 1;
				DYLIB_INSTALL_NAME_BASE = "@rpath";
				GCC_C_LANGUAGE_STANDARD = gnu11;
				INFOPLIST_FILE = WindowListMonitor/Info.plist;
				INSTALL_PATH = "$(LOCAL_LIBRARY_DIR)/Frameworks";
				LD_RUNPATH_SEARCH_PATHS = "$(inherited) @executable_path/../Frameworks @loader_path/Frameworks";
				MACOSX_DEPLOYMENT_TARGET = 10.15;
				MTL_FAST_MATH = YES;
				PRODUCT_BUNDLE_IDENTIFIER = com.bigbearlabs.WindowListMonitor;
				PRODUCT_NAME = "$(TARGET_NAME:c99extidentifier)";
				SKIP_INSTALL = YES;
				SWIFT_VERSION = 5.0;
			};
			name = Release;
		};
		514DAED624972E23009AD46A /* Debug */ = {
			isa = XCBuildConfiguration;
			buildSettings = {
				CLANG_ANALYZER_NUMBER_OBJECT_CONVERSION = YES_AGGRESSIVE;
				CLANG_CXX_LANGUAGE_STANDARD = "gnu++14";
				CLANG_ENABLE_MODULES = YES;
				CLANG_ENABLE_OBJC_WEAK = YES;
				CLANG_WARN_DOCUMENTATION_COMMENTS = YES;
				CLANG_WARN_UNGUARDED_AVAILABILITY = YES_AGGRESSIVE;
				CODE_SIGN_STYLE = Automatic;
				COMBINE_HIDPI_IMAGES = YES;
				DEFINES_MODULE = YES;
				DEVELOPMENT_TEAM = XK44TD8U4S;
				DYLIB_COMPATIBILITY_VERSION = 1;
				DYLIB_CURRENT_VERSION = 1;
				DYLIB_INSTALL_NAME_BASE = "@rpath";
				GCC_C_LANGUAGE_STANDARD = gnu11;
				INFOPLIST_FILE = WindowCoordinator/Info.plist;
				INSTALL_PATH = "$(LOCAL_LIBRARY_DIR)/Frameworks";
				LD_RUNPATH_SEARCH_PATHS = "$(inherited) @executable_path/../Frameworks @loader_path/Frameworks";
				MACOSX_DEPLOYMENT_TARGET = 10.14;
				MTL_ENABLE_DEBUG_INFO = INCLUDE_SOURCE;
				MTL_FAST_MATH = YES;
				PRODUCT_BUNDLE_IDENTIFIER = com.bigbearlabs.WindowCoordinator;
				PRODUCT_NAME = "$(TARGET_NAME:c99extidentifier)";
				SKIP_INSTALL = YES;
				SWIFT_ACTIVE_COMPILATION_CONDITIONS = DEBUG;
				SWIFT_OPTIMIZATION_LEVEL = "-Onone";
				SWIFT_VERSION = 5.0;
			};
			name = Debug;
		};
		514DAED724972E23009AD46A /* Release */ = {
			isa = XCBuildConfiguration;
			buildSettings = {
				CLANG_ANALYZER_NUMBER_OBJECT_CONVERSION = YES_AGGRESSIVE;
				CLANG_CXX_LANGUAGE_STANDARD = "gnu++14";
				CLANG_ENABLE_MODULES = YES;
				CLANG_ENABLE_OBJC_WEAK = YES;
				CLANG_WARN_DOCUMENTATION_COMMENTS = YES;
				CLANG_WARN_UNGUARDED_AVAILABILITY = YES_AGGRESSIVE;
				CODE_SIGN_STYLE = Automatic;
				COMBINE_HIDPI_IMAGES = YES;
				DEFINES_MODULE = YES;
				DEVELOPMENT_TEAM = XK44TD8U4S;
				DYLIB_COMPATIBILITY_VERSION = 1;
				DYLIB_CURRENT_VERSION = 1;
				DYLIB_INSTALL_NAME_BASE = "@rpath";
				GCC_C_LANGUAGE_STANDARD = gnu11;
				INFOPLIST_FILE = WindowCoordinator/Info.plist;
				INSTALL_PATH = "$(LOCAL_LIBRARY_DIR)/Frameworks";
				LD_RUNPATH_SEARCH_PATHS = "$(inherited) @executable_path/../Frameworks @loader_path/Frameworks";
				MACOSX_DEPLOYMENT_TARGET = 10.14;
				MTL_FAST_MATH = YES;
				PRODUCT_BUNDLE_IDENTIFIER = com.bigbearlabs.WindowCoordinator;
				PRODUCT_NAME = "$(TARGET_NAME:c99extidentifier)";
				SKIP_INSTALL = YES;
				SWIFT_VERSION = 5.0;
			};
			name = Release;
		};
		514DAEF824972EAB009AD46A /* Debug */ = {
			isa = XCBuildConfiguration;
			buildSettings = {
				ASSETCATALOG_COMPILER_APPICON_NAME = AppIcon;
				CLANG_ANALYZER_NUMBER_OBJECT_CONVERSION = YES_AGGRESSIVE;
				CLANG_CXX_LANGUAGE_STANDARD = "gnu++14";
				CLANG_ENABLE_OBJC_WEAK = YES;
				CLANG_WARN_DOCUMENTATION_COMMENTS = YES;
				CLANG_WARN_UNGUARDED_AVAILABILITY = YES_AGGRESSIVE;
				CODE_SIGN_ENTITLEMENTS = WindowCoordinatorDemo/WindowCoordinatorDemo.entitlements;
				CODE_SIGN_IDENTITY = "-";
				CODE_SIGN_STYLE = Automatic;
				COMBINE_HIDPI_IMAGES = YES;
				DEVELOPMENT_ASSET_PATHS = "\"WindowCoordinatorDemo/Preview Content\"";
				DEVELOPMENT_TEAM = XK44TD8U4S;
				ENABLE_HARDENED_RUNTIME = YES;
				ENABLE_PREVIEWS = YES;
				GCC_C_LANGUAGE_STANDARD = gnu11;
				INFOPLIST_FILE = WindowCoordinatorDemo/Info.plist;
				LD_RUNPATH_SEARCH_PATHS = "$(inherited) @executable_path/../Frameworks";
				MACOSX_DEPLOYMENT_TARGET = 10.15;
				MTL_ENABLE_DEBUG_INFO = INCLUDE_SOURCE;
				MTL_FAST_MATH = YES;
				PRODUCT_BUNDLE_IDENTIFIER = com.bigbearlabs.WindowCoordinatorDemo;
				PRODUCT_NAME = "$(TARGET_NAME)";
				SWIFT_ACTIVE_COMPILATION_CONDITIONS = DEBUG;
				SWIFT_OPTIMIZATION_LEVEL = "-Onone";
				SWIFT_VERSION = 5.0;
			};
			name = Debug;
		};
		514DAEF924972EAB009AD46A /* Release */ = {
			isa = XCBuildConfiguration;
			buildSettings = {
				ASSETCATALOG_COMPILER_APPICON_NAME = AppIcon;
				CLANG_ANALYZER_NUMBER_OBJECT_CONVERSION = YES_AGGRESSIVE;
				CLANG_CXX_LANGUAGE_STANDARD = "gnu++14";
				CLANG_ENABLE_OBJC_WEAK = YES;
				CLANG_WARN_DOCUMENTATION_COMMENTS = YES;
				CLANG_WARN_UNGUARDED_AVAILABILITY = YES_AGGRESSIVE;
				CODE_SIGN_ENTITLEMENTS = WindowCoordinatorDemo/WindowCoordinatorDemo.entitlements;
				CODE_SIGN_IDENTITY = "-";
				CODE_SIGN_STYLE = Automatic;
				COMBINE_HIDPI_IMAGES = YES;
				DEVELOPMENT_ASSET_PATHS = "\"WindowCoordinatorDemo/Preview Content\"";
				DEVELOPMENT_TEAM = XK44TD8U4S;
				ENABLE_HARDENED_RUNTIME = YES;
				ENABLE_PREVIEWS = YES;
				GCC_C_LANGUAGE_STANDARD = gnu11;
				INFOPLIST_FILE = WindowCoordinatorDemo/Info.plist;
				LD_RUNPATH_SEARCH_PATHS = "$(inherited) @executable_path/../Frameworks";
				MACOSX_DEPLOYMENT_TARGET = 10.15;
				MTL_FAST_MATH = YES;
				PRODUCT_BUNDLE_IDENTIFIER = com.bigbearlabs.WindowCoordinatorDemo;
				PRODUCT_NAME = "$(TARGET_NAME)";
				SWIFT_VERSION = 5.0;
			};
			name = Release;
		};
/* End XCBuildConfiguration section */

/* Begin XCConfigurationList section */
		51100F051CC15D200095B985 /* Build configuration list for PBXProject "BBLAccessibility" */ = {
			isa = XCConfigurationList;
			buildConfigurations = (
				51100F111CC15D200095B985 /* Debug */,
				51100F121CC15D200095B985 /* Release */,
			);
			defaultConfigurationIsVisible = 0;
			defaultConfigurationName = Release;
		};
		51100F131CC15D200095B985 /* Build configuration list for PBXNativeTarget "BBLAccessibility" */ = {
			isa = XCConfigurationList;
			buildConfigurations = (
				51100F141CC15D200095B985 /* Debug */,
				51100F151CC15D200095B985 /* Release */,
			);
			defaultConfigurationIsVisible = 0;
			defaultConfigurationName = Release;
		};
		51100F351CC15D540095B985 /* Build configuration list for PBXNativeTarget "BBLAccessibilityApp" */ = {
			isa = XCConfigurationList;
			buildConfigurations = (
				51100F361CC15D540095B985 /* Debug */,
				51100F371CC15D540095B985 /* Release */,
			);
			defaultConfigurationIsVisible = 0;
			defaultConfigurationName = Release;
		};
		51100F381CC15D540095B985 /* Build configuration list for PBXNativeTarget "BBLAccessibilityAppUITests" */ = {
			isa = XCConfigurationList;
			buildConfigurations = (
				51100F391CC15D540095B985 /* Debug */,
				51100F3A1CC15D540095B985 /* Release */,
			);
			defaultConfigurationIsVisible = 0;
			defaultConfigurationName = Release;
		};
		511EECE524909C590029982D /* Build configuration list for PBXNativeTarget "WindowListMonitorDemo" */ = {
			isa = XCConfigurationList;
			buildConfigurations = (
				511EECE624909C590029982D /* Debug */,
				511EECE724909C590029982D /* Release */,
			);
			defaultConfigurationIsVisible = 0;
			defaultConfigurationName = Release;
		};
		514DAEBA2493EA23009AD46A /* Build configuration list for PBXNativeTarget "WindowListMonitor" */ = {
			isa = XCConfigurationList;
			buildConfigurations = (
				514DAEB72493EA23009AD46A /* Debug */,
				514DAEB82493EA23009AD46A /* Release */,
			);
			defaultConfigurationIsVisible = 0;
			defaultConfigurationName = Release;
		};
		514DAED524972E23009AD46A /* Build configuration list for PBXNativeTarget "WindowCoordinator" */ = {
			isa = XCConfigurationList;
			buildConfigurations = (
				514DAED624972E23009AD46A /* Debug */,
				514DAED724972E23009AD46A /* Release */,
			);
			defaultConfigurationIsVisible = 0;
			defaultConfigurationName = Release;
		};
		514DAEF724972EAB009AD46A /* Build configuration list for PBXNativeTarget "WindowCoordinatorDemo" */ = {
			isa = XCConfigurationList;
			buildConfigurations = (
				514DAEF824972EAB009AD46A /* Debug */,
				514DAEF924972EAB009AD46A /* Release */,
			);
			defaultConfigurationIsVisible = 0;
			defaultConfigurationName = Release;
		};
/* End XCConfigurationList section */
	};
	rootObject = 51100F021CC15D200095B985 /* Project object */;
}
